
Microsoft Visual Studio Solution File, Format Version 12.00
# Visual Studio 15
VisualStudioVersion = 15.0.28010.2019
MinimumVisualStudioVersion = 10.0.40219.1
Project("{8BC9CEB8-8B4A-11D0-8D11-00A0C91BC942}") = "Frog", "Frog\Frog.vcxproj", "{A7BC5195-5F7F-438D-9C7D-3BE8EA401614}"
EndProject
Global
	GlobalSection(SolutionConfigurationPlatforms) = preSolution
		Debug|x64 = Debug|x64
		Debug|x86 = Debug|x86
		Release|x64 = Release|x64
		Release|x86 = Release|x86
	EndGlobalSection
	GlobalSection(ProjectConfigurationPlatforms) = postSolution
		{A7BC5195-5F7F-438D-9C7D-3BE8EA401614}.Debug|x64.ActiveCfg = Debug|x64
		{A7BC5195-5F7F-438D-9C7D-3BE8EA401614}.Debug|x64.Build.0 = Debug|x64
		{A7BC5195-5F7F-438D-9C7D-3BE8EA401614}.Debug|x86.ActiveCfg = Debug|Win32
		{A7BC5195-5F7F-438D-9C7D-3BE8EA401614}.Debug|x86.Build.0 = Debug|Win32
		{A7BC5195-5F7F-438D-9C7D-3BE8EA401614}.Release|x64.ActiveCfg = Release|x64
		{A7BC5195-5F7F-438D-9C7D-3BE8EA401614}.Release|x64.Build.0 = Release|x64
		{A7BC5195-5F7F-438D-9C7D-3BE8EA401614}.Release|x86.ActiveCfg = Release|Win32
		{A7BC5195-5F7F-438D-9C7D-3BE8EA401614}.Release|x86.Build.0 = Release|Win32
	EndGlobalSection
	GlobalSection(SolutionProperties) = preSolution
		HideSolutionNode = FALSE
	EndGlobalSection
	GlobalSection(ExtensibilityGlobals) = postSolution
		SolutionGuid = {EDDF05A7-0596-404E-A071-7765F819D6E7}
	EndGlobalSection
EndGlobal
